
Microsoft Visual Studio Solution File, Format Version 12.00
# Visual Studio Version 16
VisualStudioVersion = 16.0.30717.126
MinimumVisualStudioVersion = 10.0.40219.1
Project("{FAE04EC0-301F-11D3-BF4B-00C04F79EFBC}") = "OnBoardingGIC", "OnBoardingGIC\OnBoardingGIC.csproj", "{FC9667E2-C8EB-4D16-8E7C-20DA44933513}"
EndProject
Global
	GlobalSection(SolutionConfigurationPlatforms) = preSolution
		Debug|Any CPU = Debug|Any CPU
		Release|Any CPU = Release|Any CPU
	EndGlobalSection
	GlobalSection(ProjectConfigurationPlatforms) = postSolution
		{FC9667E2-C8EB-4D16-8E7C-20DA44933513}.Debug|Any CPU.ActiveCfg = Debug|Any CPU
		{FC9667E2-C8EB-4D16-8E7C-20DA44933513}.Debug|Any CPU.Build.0 = Debug|Any CPU
		{FC9667E2-C8EB-4D16-8E7C-20DA44933513}.Release|Any CPU.ActiveCfg = Release|Any CPU
		{FC9667E2-C8EB-4D16-8E7C-20DA44933513}.Release|Any CPU.Build.0 = Release|Any CPU
	EndGlobalSection
	GlobalSection(SolutionProperties) = preSolution
		HideSolutionNode = FALSE
	EndGlobalSection
	GlobalSection(ExtensibilityGlobals) = postSolution
		SolutionGuid = {29AC466B-88CB-4582-AE02-26D8FCE8AEE2}
	EndGlobalSection
EndGlobal
